<?xml version="1.0" encoding="UTF-8" standalone="yes" ?>
<CodeBlocks_project_file>
	<FileVersion major="1" minor="6" />
	<Project>
		<Option title="ProFitSystem" />
		<Option pch_mode="2" />
		<Option compiler="gcc" />
		<Build>
			<Target title="Debug">
				<Option output="bin/Debug/ProFitSystem" prefix_auto="1" extension_auto="1" />
				<Option object_output="obj/Debug/" />
				<Option type="1" />
				<Option compiler="gcc" />
				<Compiler>
					<Add option="-g" />
					<Add directory="./" />
				</Compiler>
			</Target>
			<Target title="Release">
				<Option output="bin/Release/ProFitSystem" prefix_auto="1" extension_auto="1" />
				<Option object_output="obj/Release/" />
				<Option type="1" />
				<Option compiler="gcc" />
				<Compiler>
					<Add option="-O2" />
					<Add directory="./" />
				</Compiler>
				<Linker>
					<Add option="-s" />
				</Linker>
			</Target>
		</Build>
		<Compiler>
			<Add option="-Wall" />
			<Add option="-fexceptions" />
		</Compiler>
		<Unit filename="Actividad.cpp" />
		<Unit filename="Actividad.h" />
		<Unit filename="Administrador.cpp" />
		<Unit filename="Administrador.h" />
		<Unit filename="Autenticacion.cpp" />
		<Unit filename="Autenticacion.h" />
		<Unit filename="Cliente.cpp" />
		<Unit filename="Cliente.h" />
		<Unit filename="Entrenador.cpp" />
		<Unit filename="Entrenador.h" />
		<Unit filename="Horario.cpp" />
		<Unit filename="Horario.h" />
		<Unit filename="Membresia.cpp" />
		<Unit filename="Membresia.h" />
		<Unit filename="Pago.cpp" />
		<Unit filename="Pago.h" />
		<Unit filename="Reserva.cpp" />
		<Unit filename="Reserva.h" />
		<Unit filename="Usuario.cpp" />
		<Unit filename="Usuario.h" />
		<Unit filename="main.cpp" />
		<Extensions>
			<lib_finder disable_auto="1" />
		</Extensions>
	</Project>
</CodeBlocks_project_file>
